
Microsoft Visual Studio Solution File, Format Version 12.00
# Visual Studio Version 17
VisualStudioVersion = 17.1.32407.343
MinimumVisualStudioVersion = 10.0.40219.1
Project("{FAE04EC0-301F-11D3-BF4B-00C04F79EFBC}") = "SeaBattle", "SeaBattle\SeaBattle.csproj", "{17920FCB-A4A8-48D3-A257-487D84AC4D5B}"
EndProject
Global
	GlobalSection(SolutionConfigurationPlatforms) = preSolution
		Debug|Any CPU = Debug|Any CPU
		Release|Any CPU = Release|Any CPU
	EndGlobalSection
	GlobalSection(ProjectConfigurationPlatforms) = postSolution
		{17920FCB-A4A8-48D3-A257-487D84AC4D5B}.Debug|Any CPU.ActiveCfg = Debug|Any CPU
		{17920FCB-A4A8-48D3-A257-487D84AC4D5B}.Debug|Any CPU.Build.0 = Debug|Any CPU
		{17920FCB-A4A8-48D3-A257-487D84AC4D5B}.Release|Any CPU.ActiveCfg = Release|Any CPU
		{17920FCB-A4A8-48D3-A257-487D84AC4D5B}.Release|Any CPU.Build.0 = Release|Any CPU
	EndGlobalSection
	GlobalSection(SolutionProperties) = preSolution
		HideSolutionNode = FALSE
	EndGlobalSection
	GlobalSection(ExtensibilityGlobals) = postSolution
		SolutionGuid = {241C39C9-4277-4A1A-BDB2-0C55641DC4D3}
	EndGlobalSection
EndGlobal
